
Microsoft Visual Studio Solution File, Format Version 12.00
# Visual Studio Version 16
VisualStudioVersion = 16.0.29102.190
MinimumVisualStudioVersion = 10.0.40219.1
Project("{FAE04EC0-301F-11D3-BF4B-00C04F79EFBC}") = "BOMSample", "BOMSample\BOMSample.csproj", "{71DB605E-6E71-4005-ACB8-AC456E675C65}"
EndProject
Global
	GlobalSection(SolutionConfigurationPlatforms) = preSolution
		Debug|Any CPU = Debug|Any CPU
		Release|Any CPU = Release|Any CPU
	EndGlobalSection
	GlobalSection(ProjectConfigurationPlatforms) = postSolution
		{71DB605E-6E71-4005-ACB8-AC456E675C65}.Debug|Any CPU.ActiveCfg = Debug|Any CPU
		{71DB605E-6E71-4005-ACB8-AC456E675C65}.Debug|Any CPU.Build.0 = Debug|Any CPU
		{71DB605E-6E71-4005-ACB8-AC456E675C65}.Release|Any CPU.ActiveCfg = Release|Any CPU
		{71DB605E-6E71-4005-ACB8-AC456E675C65}.Release|Any CPU.Build.0 = Release|Any CPU
	EndGlobalSection
	GlobalSection(SolutionProperties) = preSolution
		HideSolutionNode = FALSE
	EndGlobalSection
	GlobalSection(ExtensibilityGlobals) = postSolution
		SolutionGuid = {F2EC9976-35D3-40A5-94C9-8C22261325F3}
	EndGlobalSection
EndGlobal
